
Microsoft Visual Studio Solution File, Format Version 12.00
# Visual Studio Version 17
VisualStudioVersion = 17.4.33213.308
MinimumVisualStudioVersion = 10.0.40219.1
Project("{FAE04EC0-301F-11D3-BF4B-00C04F79EFBC}") = "ProgrammingConstructs", "ProgrammingConstructs\ProgrammingConstructs.csproj", "{B750D317-8B68-424C-955C-B0DE7D48535B}"
EndProject
Global
	GlobalSection(SolutionConfigurationPlatforms) = preSolution
		Debug|Any CPU = Debug|Any CPU
		Release|Any CPU = Release|Any CPU
	EndGlobalSection
	GlobalSection(ProjectConfigurationPlatforms) = postSolution
		{B750D317-8B68-424C-955C-B0DE7D48535B}.Debug|Any CPU.ActiveCfg = Debug|Any CPU
		{B750D317-8B68-424C-955C-B0DE7D48535B}.Debug|Any CPU.Build.0 = Debug|Any CPU
		{B750D317-8B68-424C-955C-B0DE7D48535B}.Release|Any CPU.ActiveCfg = Release|Any CPU
		{B750D317-8B68-424C-955C-B0DE7D48535B}.Release|Any CPU.Build.0 = Release|Any CPU
	EndGlobalSection
	GlobalSection(SolutionProperties) = preSolution
		HideSolutionNode = FALSE
	EndGlobalSection
	GlobalSection(ExtensibilityGlobals) = postSolution
		SolutionGuid = {8E127B96-BE9E-4B2F-AD30-3F36DC11C164}
	EndGlobalSection
EndGlobal
